
Microsoft Visual Studio Solution File, Format Version 12.00
# Visual Studio 15
VisualStudioVersion = 15.0.28307.102
MinimumVisualStudioVersion = 10.0.40219.1
Project("{FAE04EC0-301F-11D3-BF4B-00C04F79EFBC}") = "VerifyApi", "VerifyApi\VerifyApi.csproj", "{48723ED4-C813-492F-AD4D-1CB641F0C065}"
EndProject
Project("{FAE04EC0-301F-11D3-BF4B-00C04F79EFBC}") = "VerifyTest", "VerifyTest\VerifyTest.csproj", "{0A32D802-5CDA-4D85-93DD-E44D297F3318}"
EndProject
Project("{FAE04EC0-301F-11D3-BF4B-00C04F79EFBC}") = "VerifyRun", "VerifyRun\VerifyRun.csproj", "{5C048C28-4BCD-4B63-AC0D-6DEACE0339DF}"
EndProject
Global
	GlobalSection(SolutionConfigurationPlatforms) = preSolution
		Debug|Any CPU = Debug|Any CPU
		Release|Any CPU = Release|Any CPU
	EndGlobalSection
	GlobalSection(ProjectConfigurationPlatforms) = postSolution
		{48723ED4-C813-492F-AD4D-1CB641F0C065}.Debug|Any CPU.ActiveCfg = Debug|Any CPU
		{48723ED4-C813-492F-AD4D-1CB641F0C065}.Debug|Any CPU.Build.0 = Debug|Any CPU
		{48723ED4-C813-492F-AD4D-1CB641F0C065}.Release|Any CPU.ActiveCfg = Release|Any CPU
		{48723ED4-C813-492F-AD4D-1CB641F0C065}.Release|Any CPU.Build.0 = Release|Any CPU
		{0A32D802-5CDA-4D85-93DD-E44D297F3318}.Debug|Any CPU.ActiveCfg = Debug|Any CPU
		{0A32D802-5CDA-4D85-93DD-E44D297F3318}.Debug|Any CPU.Build.0 = Debug|Any CPU
		{0A32D802-5CDA-4D85-93DD-E44D297F3318}.Release|Any CPU.ActiveCfg = Release|Any CPU
		{0A32D802-5CDA-4D85-93DD-E44D297F3318}.Release|Any CPU.Build.0 = Release|Any CPU
		{5C048C28-4BCD-4B63-AC0D-6DEACE0339DF}.Debug|Any CPU.ActiveCfg = Debug|Any CPU
		{5C048C28-4BCD-4B63-AC0D-6DEACE0339DF}.Debug|Any CPU.Build.0 = Debug|Any CPU
		{5C048C28-4BCD-4B63-AC0D-6DEACE0339DF}.Release|Any CPU.ActiveCfg = Release|Any CPU
		{5C048C28-4BCD-4B63-AC0D-6DEACE0339DF}.Release|Any CPU.Build.0 = Release|Any CPU
	EndGlobalSection
	GlobalSection(SolutionProperties) = preSolution
		HideSolutionNode = FALSE
	EndGlobalSection
	GlobalSection(ExtensibilityGlobals) = postSolution
		SolutionGuid = {553A9F02-99C1-43D1-9B96-7FD6AF74C65E}
	EndGlobalSection
EndGlobal
